
Microsoft Visual Studio Solution File, Format Version 12.00
# Visual Studio Version 17
VisualStudioVersion = 17.3.32804.467
MinimumVisualStudioVersion = 10.0.40219.1
Project("{9A19103F-16F7-4668-BE54-9A1E7A4F7556}") = "BowlingScoreCalculator.Api", "BowlingScoreCalculator.Api\BowlingScoreCalculator.Api.csproj", "{2E498F3E-F571-4974-A719-12F70591F769}"
EndProject
Project("{9A19103F-16F7-4668-BE54-9A1E7A4F7556}") = "BowlingScoreCalculator.Tests", "BowlingScoreCalculator.Tests\BowlingScoreCalculator.Tests.csproj", "{DCB3CBAE-4C69-41A2-8646-C70307B73ECA}"
EndProject
Project("{E53339B2-1760-4266-BCC7-CA923CBCF16C}") = "docker-compose", "docker-compose.dcproj", "{0D96B708-6D21-4F68-9969-E8A8D19C68D0}"
EndProject
Global
	GlobalSection(SolutionConfigurationPlatforms) = preSolution
		Debug|Any CPU = Debug|Any CPU
		Release|Any CPU = Release|Any CPU
	EndGlobalSection
	GlobalSection(ProjectConfigurationPlatforms) = postSolution
		{2E498F3E-F571-4974-A719-12F70591F769}.Debug|Any CPU.ActiveCfg = Debug|Any CPU
		{2E498F3E-F571-4974-A719-12F70591F769}.Debug|Any CPU.Build.0 = Debug|Any CPU
		{2E498F3E-F571-4974-A719-12F70591F769}.Release|Any CPU.ActiveCfg = Release|Any CPU
		{2E498F3E-F571-4974-A719-12F70591F769}.Release|Any CPU.Build.0 = Release|Any CPU
		{DCB3CBAE-4C69-41A2-8646-C70307B73ECA}.Debug|Any CPU.ActiveCfg = Debug|Any CPU
		{DCB3CBAE-4C69-41A2-8646-C70307B73ECA}.Debug|Any CPU.Build.0 = Debug|Any CPU
		{DCB3CBAE-4C69-41A2-8646-C70307B73ECA}.Release|Any CPU.ActiveCfg = Release|Any CPU
		{DCB3CBAE-4C69-41A2-8646-C70307B73ECA}.Release|Any CPU.Build.0 = Release|Any CPU
		{0D96B708-6D21-4F68-9969-E8A8D19C68D0}.Debug|Any CPU.ActiveCfg = Debug|Any CPU
		{0D96B708-6D21-4F68-9969-E8A8D19C68D0}.Debug|Any CPU.Build.0 = Debug|Any CPU
		{0D96B708-6D21-4F68-9969-E8A8D19C68D0}.Release|Any CPU.ActiveCfg = Release|Any CPU
		{0D96B708-6D21-4F68-9969-E8A8D19C68D0}.Release|Any CPU.Build.0 = Release|Any CPU
	EndGlobalSection
	GlobalSection(SolutionProperties) = preSolution
		HideSolutionNode = FALSE
	EndGlobalSection
	GlobalSection(ExtensibilityGlobals) = postSolution
		SolutionGuid = {0EFAC9D0-BA70-42F3-9D45-CFB6AE5E773B}
	EndGlobalSection
EndGlobal
